
Microsoft Visual Studio Solution File, Format Version 12.00
# Visual Studio 14
VisualStudioVersion = 14.0.23107.0
MinimumVisualStudioVersion = 10.0.40219.1
Project("{2150E333-8FDC-42A3-9474-1A3956D46DE8}") = "Solution Items", "Solution Items", "{4D9611C7-4619-42D3-A06E-095BDE7D8B93}"
	ProjectSection(SolutionItems) = preProject
		.bowerrc = .bowerrc
		.gitattributes = .gitattributes
		.gitignore = .gitignore
		bower.json = bower.json
		LICENSE = LICENSE
		package.json = package.json
	EndProjectSection
EndProject
Project("{2150E333-8FDC-42A3-9474-1A3956D46DE8}") = "app", "app", "{67534B99-8376-46C2-A5B3-EB7BF56398D2}"
	ProjectSection(SolutionItems) = preProject
		app\app.js = app\app.js
		app\index.html = app\index.html
	EndProjectSection
EndProject
Project("{2150E333-8FDC-42A3-9474-1A3956D46DE8}") = "content", "content", "{F18C73BA-EBCB-4B02-98C1-A14504C4E119}"
	ProjectSection(SolutionItems) = preProject
		app\content\app.css = app\content\app.css
	EndProjectSection
EndProject
Project("{2150E333-8FDC-42A3-9474-1A3956D46DE8}") = "notes", "notes", "{BF621F6B-9369-4FD9-863E-CEA53E127D27}"
	ProjectSection(SolutionItems) = preProject
		app\notes\notes-form.html = app\notes\notes-form.html
		app\notes\notes.html = app\notes\notes.html
		app\notes\notes.js = app\notes\notes.js
	EndProjectSection
EndProject
Global
	GlobalSection(SolutionProperties) = preSolution
		HideSolutionNode = FALSE
	EndGlobalSection
	GlobalSection(NestedProjects) = preSolution
		{67534B99-8376-46C2-A5B3-EB7BF56398D2} = {4D9611C7-4619-42D3-A06E-095BDE7D8B93}
		{F18C73BA-EBCB-4B02-98C1-A14504C4E119} = {67534B99-8376-46C2-A5B3-EB7BF56398D2}
		{BF621F6B-9369-4FD9-863E-CEA53E127D27} = {67534B99-8376-46C2-A5B3-EB7BF56398D2}
	EndGlobalSection
EndGlobal
